
Microsoft Visual Studio Solution File, Format Version 12.00
# Visual Studio Version 17
VisualStudioVersion = 17.13.35828.75 d17.13
MinimumVisualStudioVersion = 10.0.40219.1
Project("{8BC9CEB8-8B4A-11D0-8D11-00A0C91BC942}") = "Project13", "Project13\Project13.vcxproj", "{D1BA2F49-FABB-473F-A271-39093747C9F1}"
EndProject
Global
	GlobalSection(SolutionConfigurationPlatforms) = preSolution
		Debug|x64 = Debug|x64
		Debug|x86 = Debug|x86
		Release|x64 = Release|x64
		Release|x86 = Release|x86
	EndGlobalSection
	GlobalSection(ProjectConfigurationPlatforms) = postSolution
		{D1BA2F49-FABB-473F-A271-39093747C9F1}.Debug|x64.ActiveCfg = Debug|x64
		{D1BA2F49-FABB-473F-A271-39093747C9F1}.Debug|x64.Build.0 = Debug|x64
		{D1BA2F49-FABB-473F-A271-39093747C9F1}.Debug|x86.ActiveCfg = Debug|Win32
		{D1BA2F49-FABB-473F-A271-39093747C9F1}.Debug|x86.Build.0 = Debug|Win32
		{D1BA2F49-FABB-473F-A271-39093747C9F1}.Release|x64.ActiveCfg = Release|x64
		{D1BA2F49-FABB-473F-A271-39093747C9F1}.Release|x64.Build.0 = Release|x64
		{D1BA2F49-FABB-473F-A271-39093747C9F1}.Release|x86.ActiveCfg = Release|Win32
		{D1BA2F49-FABB-473F-A271-39093747C9F1}.Release|x86.Build.0 = Release|Win32
	EndGlobalSection
	GlobalSection(SolutionProperties) = preSolution
		HideSolutionNode = FALSE
	EndGlobalSection
	GlobalSection(ExtensibilityGlobals) = postSolution
		SolutionGuid = {116D0957-48D3-4B9B-8EF5-E73E380246E0}
	EndGlobalSection
EndGlobal
